
Microsoft Visual Studio Solution File, Format Version 12.00
# Visual Studio Version 16
VisualStudioVersion = 16.0.29613.14
MinimumVisualStudioVersion = 10.0.40219.1
Project("{FAE04EC0-301F-11D3-BF4B-00C04F79EFBC}") = "TamGiac", "TamGiac\TamGiac.csproj", "{446AEB0F-E35E-4C68-827D-0F1183EAD9C9}"
EndProject
Project("{2150E333-8FDC-42A3-9474-1A3956D46DE8}") = "Solution Items", "Solution Items", "{FC889ABA-A426-4F0A-B324-0FAB79E969BC}"
	ProjectSection(SolutionItems) = preProject
		.travis.yml = .travis.yml
	EndProjectSection
EndProject
Project("{FAE04EC0-301F-11D3-BF4B-00C04F79EFBC}") = "TamGiac.Test", "TamGiacTest\TamGiac.Test.csproj", "{95AE5CEF-8C8E-426D-83AE-64EA136F1100}"
EndProject
Global
	GlobalSection(SolutionConfigurationPlatforms) = preSolution
		Debug|Any CPU = Debug|Any CPU
		Debug|x86 = Debug|x86
		Release|Any CPU = Release|Any CPU
		Release|x86 = Release|x86
	EndGlobalSection
	GlobalSection(ProjectConfigurationPlatforms) = postSolution
		{446AEB0F-E35E-4C68-827D-0F1183EAD9C9}.Debug|Any CPU.ActiveCfg = Debug|x86
		{446AEB0F-E35E-4C68-827D-0F1183EAD9C9}.Debug|x86.ActiveCfg = Debug|x86
		{446AEB0F-E35E-4C68-827D-0F1183EAD9C9}.Debug|x86.Build.0 = Debug|x86
		{446AEB0F-E35E-4C68-827D-0F1183EAD9C9}.Release|Any CPU.ActiveCfg = Release|x86
		{446AEB0F-E35E-4C68-827D-0F1183EAD9C9}.Release|x86.ActiveCfg = Release|x86
		{446AEB0F-E35E-4C68-827D-0F1183EAD9C9}.Release|x86.Build.0 = Release|x86
		{95AE5CEF-8C8E-426D-83AE-64EA136F1100}.Debug|Any CPU.ActiveCfg = Debug|Any CPU
		{95AE5CEF-8C8E-426D-83AE-64EA136F1100}.Debug|Any CPU.Build.0 = Debug|Any CPU
		{95AE5CEF-8C8E-426D-83AE-64EA136F1100}.Debug|x86.ActiveCfg = Debug|Any CPU
		{95AE5CEF-8C8E-426D-83AE-64EA136F1100}.Debug|x86.Build.0 = Debug|Any CPU
		{95AE5CEF-8C8E-426D-83AE-64EA136F1100}.Release|Any CPU.ActiveCfg = Release|Any CPU
		{95AE5CEF-8C8E-426D-83AE-64EA136F1100}.Release|Any CPU.Build.0 = Release|Any CPU
		{95AE5CEF-8C8E-426D-83AE-64EA136F1100}.Release|x86.ActiveCfg = Release|Any CPU
		{95AE5CEF-8C8E-426D-83AE-64EA136F1100}.Release|x86.Build.0 = Release|Any CPU
	EndGlobalSection
	GlobalSection(SolutionProperties) = preSolution
		HideSolutionNode = FALSE
	EndGlobalSection
	GlobalSection(ExtensibilityGlobals) = postSolution
		SolutionGuid = {3BBF3783-3A7B-4AFC-8B9D-F6273116026C}
	EndGlobalSection
EndGlobal
